
Microsoft Visual Studio Solution File, Format Version 12.00
# Visual Studio Version 16
VisualStudioVersion = 16.0.29020.237
MinimumVisualStudioVersion = 10.0.40219.1
Project("{FAE04EC0-301F-11D3-BF4B-00C04F79EFBC}") = "TrabajoPracticoBritezAPI", "TrabajoPracticoBritezAPI\TrabajoPracticoBritezAPI.csproj", "{89AF6EC7-73A8-42A3-923F-872A9D3220CD}"
EndProject
Project("{FAE04EC0-301F-11D3-BF4B-00C04F79EFBC}") = "TrabajoPracticoBritezAPI.Tests", "TrabajoPracticoBritezAPI.Tests\TrabajoPracticoBritezAPI.Tests.csproj", "{0FD693AD-8703-4885-949B-888C1DAA7C44}"
EndProject
Project("{FAE04EC0-301F-11D3-BF4B-00C04F79EFBC}") = "TrabajoPracticoBritezWeb", "TrabajoPracticoBritezWeb\TrabajoPracticoBritezWeb.csproj", "{45326540-21A7-49B0-B0EE-E6D5EB01DD3C}"
EndProject
Global
	GlobalSection(SolutionConfigurationPlatforms) = preSolution
		Debug|Any CPU = Debug|Any CPU
		Release|Any CPU = Release|Any CPU
	EndGlobalSection
	GlobalSection(ProjectConfigurationPlatforms) = postSolution
		{89AF6EC7-73A8-42A3-923F-872A9D3220CD}.Debug|Any CPU.ActiveCfg = Debug|Any CPU
		{89AF6EC7-73A8-42A3-923F-872A9D3220CD}.Debug|Any CPU.Build.0 = Debug|Any CPU
		{89AF6EC7-73A8-42A3-923F-872A9D3220CD}.Release|Any CPU.ActiveCfg = Release|Any CPU
		{89AF6EC7-73A8-42A3-923F-872A9D3220CD}.Release|Any CPU.Build.0 = Release|Any CPU
		{0FD693AD-8703-4885-949B-888C1DAA7C44}.Debug|Any CPU.ActiveCfg = Debug|Any CPU
		{0FD693AD-8703-4885-949B-888C1DAA7C44}.Debug|Any CPU.Build.0 = Debug|Any CPU
		{0FD693AD-8703-4885-949B-888C1DAA7C44}.Release|Any CPU.ActiveCfg = Release|Any CPU
		{0FD693AD-8703-4885-949B-888C1DAA7C44}.Release|Any CPU.Build.0 = Release|Any CPU
		{45326540-21A7-49B0-B0EE-E6D5EB01DD3C}.Debug|Any CPU.ActiveCfg = Debug|Any CPU
		{45326540-21A7-49B0-B0EE-E6D5EB01DD3C}.Debug|Any CPU.Build.0 = Debug|Any CPU
		{45326540-21A7-49B0-B0EE-E6D5EB01DD3C}.Release|Any CPU.ActiveCfg = Release|Any CPU
		{45326540-21A7-49B0-B0EE-E6D5EB01DD3C}.Release|Any CPU.Build.0 = Release|Any CPU
	EndGlobalSection
	GlobalSection(SolutionProperties) = preSolution
		HideSolutionNode = FALSE
	EndGlobalSection
	GlobalSection(ExtensibilityGlobals) = postSolution
		SolutionGuid = {96B609C4-CA69-4C84-B5C9-351EFDE95111}
	EndGlobalSection
EndGlobal
